PODS:
  - Flutter (1.0.0)
  - flutter_smart_scan (1.1.0):
    - Flutter

DEPENDENCIES:
  - Flutter (from `Flutter`)
  - flutter_smart_scan (from `.symlinks/plugins/flutter_smart_scan/ios`)

EXTERNAL SOURCES:
  Flutter:
    :path: Flutter
  flutter_smart_scan:
    :path: ".symlinks/plugins/flutter_smart_scan/ios"

SPEC CHECKSUMS:
  Flutter: 434fef37c0980e73bb6479ef766c45957d4b510c
  flutter_smart_scan: cd6b739f16ff1696ba9e304904f2411ba97d303c

PODFILE CHECKSUM: aafe91acc616949ddb318b77800a7f51bffa2a4c

COCOAPODS: 1.10.1
